// !$*UTF8*$!
{
	archiveVersion = 1;
	classes = {
	};
	objectVersion = 56;
	objects = {

/* Begin PBXBuildFile section */
		5E3F30932A5CAF6000C697F8 /* PatternToMatch.swift in Sources */ = {isa = PBXBuildFile; fileRef = 5E3F30922A5CAF6000C697F8 /* PatternToMatch.swift */; };
		5E3F30952A5CC6B500C697F8 /* GameBoard.swift in Sources */ = {isa = PBXBuildFile; fileRef = 5E3F30942A5CC6B500C697F8 /* GameBoard.swift */; };
		5EB8A8F12A5B70F3003734CD /* HexPuzzleApp.swift in Sources */ = {isa = PBXBuildFile; fileRef = 5EB8A8F02A5B70F3003734CD /* HexPuzzleApp.swift */; };
		5EB8A8F32A5B70F3003734CD /* ContentView.swift in Sources */ = {isa = PBXBuildFile; fileRef = 5EB8A8F22A5B70F3003734CD /* ContentView.swift */; };
		5EB8A8F52A5B70F4003734CD /* Assets.xcassets in Resources */ = {isa = PBXBuildFile; fileRef = 5EB8A8F42A5B70F4003734CD /* Assets.xcassets */; };
		5EB8A8F82A5B70F4003734CD /* Preview Assets.xcassets in Resources */ = {isa = PBXBuildFile; fileRef = 5EB8A8F72A5B70F4003734CD /* Preview Assets.xcassets */; };
		5EB8A8FF2A5B7237003734CD /* HexButton.swift in Sources */ = {isa = PBXBuildFile; fileRef = 5EB8A8FE2A5B7237003734CD /* HexButton.swift */; };
		5EB8A9012A5B8218003734CD /* HexState.swift in Sources */ = {isa = PBXBuildFile; fileRef = 5EB8A9002A5B8218003734CD /* HexState.swift */; };
		5EB8A9032A5B9B29003734CD /* Levels.swift in Sources */ = {isa = PBXBuildFile; fileRef = 5EB8A9022A5B9B29003734CD /* Levels.swift */; };
		5EB8A9052A5C2297003734CD /* Hex.swift in Sources */ = {isa = PBXBuildFile; fileRef = 5EB8A9042A5C2297003734CD /* Hex.swift */; };
		5EB8A9072A5C2DE9003734CD /* README.md in Resources */ = {isa = PBXBuildFile; fileRef = 5EB8A9062A5C2DE9003734CD /* README.md */; };
		5ED38D802A649ED000F60D6C /* Hints.swift in Sources */ = {isa = PBXBuildFile; fileRef = 5ED38D7F2A649ED000F60D6C /* Hints.swift */; };
/* End PBXBuildFile section */

/* Begin PBXFileReference section */
		5E3F30922A5CAF6000C697F8 /* PatternToMatch.swift */ = {isa = PBXFileReference; lastKnownFileType = sourcecode.swift; path = PatternToMatch.swift; sourceTree = "<group>"; };
		5E3F30942A5CC6B500C697F8 /* GameBoard.swift */ = {isa = PBXFileReference; lastKnownFileType = sourcecode.swift; path = GameBoard.swift; sourceTree = "<group>"; };
		5EB8A8ED2A5B70F3003734CD /* HexPuzzle.app */ = {isa = PBXFileReference; explicitFileType = wrapper.application; includeInIndex = 0; path = HexPuzzle.app; sourceTree = BUILT_PRODUCTS_DIR; };
		5EB8A8F02A5B70F3003734CD /* HexPuzzleApp.swift */ = {isa = PBXFileReference; lastKnownFileType = sourcecode.swift; path = HexPuzzleApp.swift; sourceTree = "<group>"; };
		5EB8A8F22A5B70F3003734CD /* ContentView.swift */ = {isa = PBXFileReference; lastKnownFileType = sourcecode.swift; path = ContentView.swift; sourceTree = "<group>"; };
		5EB8A8F42A5B70F4003734CD /* Assets.xcassets */ = {isa = PBXFileReference; lastKnownFileType = folder.assetcatalog; path = Assets.xcassets; sourceTree = "<group>"; };
		5EB8A8F72A5B70F4003734CD /* Preview Assets.xcassets */ = {isa = PBXFileReference; lastKnownFileType = folder.assetcatalog; path = "Preview Assets.xcassets"; sourceTree = "<group>"; };
		5EB8A8FE2A5B7237003734CD /* HexButton.swift */ = {isa = PBXFileReference; lastKnownFileType = sourcecode.swift; path = HexButton.swift; sourceTree = "<group>"; };
		5EB8A9002A5B8218003734CD /* HexState.swift */ = {isa = PBXFileReference; lastKnownFileType = sourcecode.swift; path = HexState.swift; sourceTree = "<group>"; };
		5EB8A9022A5B9B29003734CD /* Levels.swift */ = {isa = PBXFileReference; lastKnownFileType = sourcecode.swift; path = Levels.swift; sourceTree = "<group>"; };
		5EB8A9042A5C2297003734CD /* Hex.swift */ = {isa = PBXFileReference; lastKnownFileType = sourcecode.swift; path = Hex.swift; sourceTree = "<group>"; };
		5EB8A9062A5C2DE9003734CD /* README.md */ = {isa = PBXFileReference; fileEncoding = 4; lastKnownFileType = net.daringfireball.markdown; path = README.md; sourceTree = "<group>"; };
		5ED38D7F2A649ED000F60D6C /* Hints.swift */ = {isa = PBXFileReference; lastKnownFileType = sourcecode.swift; path = Hints.swift; sourceTree = "<group>"; };
/* End PBXFileReference section */

/* Begin PBXFrameworksBuildPhase section */
		5EB8A8EA2A5B70F3003734CD /* Frameworks */ = {
			isa = PBXFrameworksBuildPhase;
			buildActionMask = 2147483647;
			files = (
			);
			runOnlyForDeploymentPostprocessing = 0;
		};
/* End PBXFrameworksBuildPhase section */

/* Begin PBXGroup section */
		5EB8A8E42A5B70F3003734CD = {
			isa = PBXGroup;
			children = (
				5EB8A9062A5C2DE9003734CD /* README.md */,
				5EB8A8EF2A5B70F3003734CD /* HexPuzzle */,
				5EB8A8EE2A5B70F3003734CD /* Products */,
			);
			sourceTree = "<group>";
		};
		5EB8A8EE2A5B70F3003734CD /* Products */ = {
			isa = PBXGroup;
			children = (
				5EB8A8ED2A5B70F3003734CD /* HexPuzzle.app */,
			);
			name = Products;
			sourceTree = "<group>";
		};
		5EB8A8EF2A5B70F3003734CD /* HexPuzzle */ = {
			isa = PBXGroup;
			children = (
				5EB8A8F02A5B70F3003734CD /* HexPuzzleApp.swift */,
				5EB8A8F22A5B70F3003734CD /* ContentView.swift */,
				5EB8A8F42A5B70F4003734CD /* Assets.xcassets */,
				5EB8A8F62A5B70F4003734CD /* Preview Content */,
				5EB8A8FE2A5B7237003734CD /* HexButton.swift */,
				5EB8A9002A5B8218003734CD /* HexState.swift */,
				5EB8A9022A5B9B29003734CD /* Levels.swift */,
				5EB8A9042A5C2297003734CD /* Hex.swift */,
				5E3F30922A5CAF6000C697F8 /* PatternToMatch.swift */,
				5E3F30942A5CC6B500C697F8 /* GameBoard.swift */,
				5ED38D7F2A649ED000F60D6C /* Hints.swift */,
			);
			path = HexPuzzle;
			sourceTree = "<group>";
		};
		5EB8A8F62A5B70F4003734CD /* Preview Content */ = {
			isa = PBXGroup;
			children = (
				5EB8A8F72A5B70F4003734CD /* Preview Assets.xcassets */,
			);
			path = "Preview Content";
			sourceTree = "<group>";
		};
/* End PBXGroup section */

/* Begin PBXNativeTarget section */
		5EB8A8EC2A5B70F3003734CD /* HexPuzzle */ = {
			isa = PBXNativeTarget;
			buildConfigurationList = 5EB8A8FB2A5B70F4003734CD /* Build configuration list for PBXNativeTarget "HexPuzzle" */;
			buildPhases = (
				5EB8A8E92A5B70F3003734CD /* Sources */,
				5EB8A8EA2A5B70F3003734CD /* Frameworks */,
				5EB8A8EB2A5B70F3003734CD /* Resources */,
			);
			buildRules = (
			);
			dependencies = (
			);
			name = HexPuzzle;
			productName = HexPuzzle;
			productReference = 5EB8A8ED2A5B70F3003734CD /* HexPuzzle.app */;
			productType = "com.apple.product-type.application";
		};
/* End PBXNativeTarget section */

/* Begin PBXProject section */
		5EB8A8E52A5B70F3003734CD /* Project object */ = {
			isa = PBXProject;
			attributes = {
				BuildIndependentTargetsInParallel = 1;
				LastSwiftUpdateCheck = 1430;
				LastUpgradeCheck = 1430;
				TargetAttributes = {
					5EB8A8EC2A5B70F3003734CD = {
						CreatedOnToolsVersion = 14.3.1;
					};
				};
			};
			buildConfigurationList = 5EB8A8E82A5B70F3003734CD /* Build configuration list for PBXProject "HexPuzzle" */;
			compatibilityVersion = "Xcode 14.0";
			developmentRegion = en;
			hasScannedForEncodings = 0;
			knownRegions = (
				en,
				Base,
			);
			mainGroup = 5EB8A8E42A5B70F3003734CD;
			productRefGroup = 5EB8A8EE2A5B70F3003734CD /* Products */;
			projectDirPath = "";
			projectRoot = "";
			targets = (
				5EB8A8EC2A5B70F3003734CD /* HexPuzzle */,
			);
		};
/* End PBXProject section */

/* Begin PBXResourcesBuildPhase section */
		5EB8A8EB2A5B70F3003734CD /* Resources */ = {
			isa = PBXResourcesBuildPhase;
			buildActionMask = 2147483647;
			files = (
				5EB8A9072A5C2DE9003734CD /* README.md in Resources */,
				5EB8A8F82A5B70F4003734CD /* Preview Assets.xcassets in Resources */,
				5EB8A8F52A5B70F4003734CD /* Assets.xcassets in Resources */,
			);
			runOnlyForDeploymentPostprocessing = 0;
		};
/* End PBXResourcesBuildPhase section */

/* Begin PBXSourcesBuildPhase section */
		5EB8A8E92A5B70F3003734CD /* Sources */ = {
			isa = PBXSourcesBuildPhase;
			buildActionMask = 2147483647;
			files = (
				5E3F30932A5CAF6000C697F8 /* PatternToMatch.swift in Sources */,
				5EB8A9032A5B9B29003734CD /* Levels.swift in Sources */,
				5EB8A8F32A5B70F3003734CD /* ContentView.swift in Sources */,
				5ED38D802A649ED000F60D6C /* Hints.swift in Sources */,
				5EB8A8FF2A5B7237003734CD /* HexButton.swift in Sources */,
				5E3F30952A5CC6B500C697F8 /* GameBoard.swift in Sources */,
				5EB8A9052A5C2297003734CD /* Hex.swift in Sources */,
				5EB8A8F12A5B70F3003734CD /* HexPuzzleApp.swift in Sources */,
				5EB8A9012A5B8218003734CD /* HexState.swift in Sources */,
			);
			runOnlyForDeploymentPostprocessing = 0;
		};
/* End PBXSourcesBuildPhase section */

/* Begin XCBuildConfiguration section */
		5EB8A8F92A5B70F4003734CD /* Debug */ = {
			isa = XCBuildConfiguration;
			buildSettings = {
				ALWAYS_SEARCH_USER_PATHS = NO;
				CLANG_ANALYZER_NONNULL = YES;
				CLANG_ANALYZER_NUMBER_OBJECT_CONVERSION = YES_AGGRESSIVE;
				CLANG_CXX_LANGUAGE_STANDARD = "gnu++20";
				CLANG_ENABLE_MODULES = YES;
				CLANG_ENABLE_OBJC_ARC = YES;
				CLANG_ENABLE_OBJC_WEAK = YES;
				CLANG_WARN_BLOCK_CAPTURE_AUTORELEASING = YES;
				CLANG_WARN_BOOL_CONVERSION = YES;
				CLANG_WARN_COMMA = YES;
				CLANG_WARN_CONSTANT_CONVERSION = YES;
				CLANG_WARN_DEPRECATED_OBJC_IMPLEMENTATIONS = YES;
				CLANG_WARN_DIRECT_OBJC_ISA_USAGE = YES_ERROR;
				CLANG_WARN_DOCUMENTATION_COMMENTS = YES;
				CLANG_WARN_EMPTY_BODY = YES;
				CLANG_WARN_ENUM_CONVERSION = YES;
				CLANG_WARN_INFINITE_RECURSION = YES;
				CLANG_WARN_INT_CONVERSION = YES;
				CLANG_WARN_NON_LITERAL_NULL_CONVERSION = YES;
				CLANG_WARN_OBJC_IMPLICIT_RETAIN_SELF = YES;
				CLANG_WARN_OBJC_LITERAL_CONVERSION = YES;
				CLANG_WARN_OBJC_ROOT_CLASS = YES_ERROR;
				CLANG_WARN_QUOTED_INCLUDE_IN_FRAMEWORK_HEADER = YES;
				CLANG_WARN_RANGE_LOOP_ANALYSIS = YES;
				CLANG_WARN_STRICT_PROTOTYPES = YES;
				CLANG_WARN_SUSPICIOUS_MOVE = YES;
				CLANG_WARN_UNGUARDED_AVAILABILITY = YES_AGGRESSIVE;
				CLANG_WARN_UNREACHABLE_CODE = YES;
				CLANG_WARN__DUPLICATE_METHOD_MATCH = YES;
				COPY_PHASE_STRIP = NO;
				DEBUG_INFORMATION_FORMAT = dwarf;
				ENABLE_STRICT_OBJC_MSGSEND = YES;
				ENABLE_TESTABILITY = YES;
				GCC_C_LANGUAGE_STANDARD = gnu11;
				GCC_DYNAMIC_NO_PIC = NO;
				GCC_NO_COMMON_BLOCKS = YES;
				GCC_OPTIMIZATION_LEVEL = 0;
				GCC_PREPROCESSOR_DEFINITIONS = (
					"DEBUG=1",
					"$(inherited)",
				);
				GCC_WARN_64_TO_32_BIT_CONVERSION = YES;
				GCC_WARN_ABOUT_RETURN_TYPE = YES_ERROR;
				GCC_WARN_UNDECLARED_SELECTOR = YES;
				GCC_WARN_UNINITIALIZED_AUTOS = YES_AGGRESSIVE;
				GCC_WARN_UNUSED_FUNCTION = YES;
				GCC_WARN_UNUSED_VARIABLE = YES;
				IPHONEOS_DEPLOYMENT_TARGET = 16.4;
				MTL_ENABLE_DEBUG_INFO = INCLUDE_SOURCE;
				MTL_FAST_MATH = YES;
				ONLY_ACTIVE_ARCH = YES;
				SDKROOT = iphoneos;
				SWIFT_ACTIVE_COMPILATION_CONDITIONS = DEBUG;
				SWIFT_OPTIMIZATION_LEVEL = "-Onone";
			};
			name = Debug;
		};
		5EB8A8FA2A5B70F4003734CD /* Release */ = {
			isa = XCBuildConfiguration;
			buildSettings = {
				ALWAYS_SEARCH_USER_PATHS = NO;
				CLANG_ANALYZER_NONNULL = YES;
				CLANG_ANALYZER_NUMBER_OBJECT_CONVERSION = YES_AGGRESSIVE;
				CLANG_CXX_LANGUAGE_STANDARD = "gnu++20";
				CLANG_ENABLE_MODULES = YES;
				CLANG_ENABLE_OBJC_ARC = YES;
				CLANG_ENABLE_OBJC_WEAK = YES;
				CLANG_WARN_BLOCK_CAPTURE_AUTORELEASING = YES;
				CLANG_WARN_BOOL_CONVERSION = YES;
				CLANG_WARN_COMMA = YES;
				CLANG_WARN_CONSTANT_CONVERSION = YES;
				CLANG_WARN_DEPRECATED_OBJC_IMPLEMENTATIONS = YES;
				CLANG_WARN_DIRECT_OBJC_ISA_USAGE = YES_ERROR;
				CLANG_WARN_DOCUMENTATION_COMMENTS = YES;
				CLANG_WARN_EMPTY_BODY = YES;
				CLANG_WARN_ENUM_CONVERSION = YES;
				CLANG_WARN_INFINITE_RECURSION = YES;
				CLANG_WARN_INT_CONVERSION = YES;
				CLANG_WARN_NON_LITERAL_NULL_CONVERSION = YES;
				CLANG_WARN_OBJC_IMPLICIT_RETAIN_SELF = YES;
				CLANG_WARN_OBJC_LITERAL_CONVERSION = YES;
				CLANG_WARN_OBJC_ROOT_CLASS = YES_ERROR;
				CLANG_WARN_QUOTED_INCLUDE_IN_FRAMEWORK_HEADER = YES;
				CLANG_WARN_RANGE_LOOP_ANALYSIS = YES;
				CLANG_WARN_STRICT_PROTOTYPES = YES;
				CLANG_WARN_SUSPICIOUS_MOVE = YES;
				CLANG_WARN_UNGUARDED_AVAILABILITY = YES_AGGRESSIVE;
				CLANG_WARN_UNREACHABLE_CODE = YES;
				CLANG_WARN__DUPLICATE_METHOD_MATCH = YES;
				COPY_PHASE_STRIP = NO;
				DEBUG_INFORMATION_FORMAT = "dwarf-with-dsym";
				ENABLE_NS_ASSERTIONS = NO;
				ENABLE_STRICT_OBJC_MSGSEND = YES;
				GCC_C_LANGUAGE_STANDARD = gnu11;
				GCC_NO_COMMON_BLOCKS = YES;
				GCC_WARN_64_TO_32_BIT_CONVERSION = YES;
				GCC_WARN_ABOUT_RETURN_TYPE = YES_ERROR;
				GCC_WARN_UNDECLARED_SELECTOR = YES;
				GCC_WARN_UNINITIALIZED_AUTOS = YES_AGGRESSIVE;
				GCC_WARN_UNUSED_FUNCTION = YES;
				GCC_WARN_UNUSED_VARIABLE = YES;
				IPHONEOS_DEPLOYMENT_TARGET = 16.4;
				MTL_ENABLE_DEBUG_INFO = NO;
				MTL_FAST_MATH = YES;
				SDKROOT = iphoneos;
				SWIFT_COMPILATION_MODE = wholemodule;
				SWIFT_OPTIMIZATION_LEVEL = "-O";
				VALIDATE_PRODUCT = YES;
			};
			name = Release;
		};
		5EB8A8FC2A5B70F4003734CD /* Debug */ = {
			isa = XCBuildConfiguration;
			buildSettings = {
				ASSETCATALOG_COMPILER_APPICON_NAME = AppIcon;
				ASSETCATALOG_COMPILER_GLOBAL_ACCENT_COLOR_NAME = AccentColor;
				CODE_SIGN_STYLE = Automatic;
				CURRENT_PROJECT_VERSION = 1;
				DEVELOPMENT_ASSET_PATHS = "\"HexPuzzle/Preview Content\"";
				DEVELOPMENT_TEAM = GP3S7BL94M;
				ENABLE_PREVIEWS = YES;
				GENERATE_INFOPLIST_FILE = YES;
				INFOPLIST_KEY_CFBundleDisplayName = "Hex Puzzle";
				INFOPLIST_KEY_LSApplicationCategoryType = "public.app-category.puzzle-games";
				INFOPLIST_KEY_UIApplicationSceneManifest_Generation = YES;
				INFOPLIST_KEY_UIApplicationSupportsIndirectInputEvents = YES;
				INFOPLIST_KEY_UILaunchScreen_Generation = YES;
				INFOPLIST_KEY_UISupportedInterfaceOrientations = UIInterfaceOrientationPortrait;
				INFOPLIST_KEY_UISupportedInterfaceOrientations_iPad = "UIInterfaceOrientationLandscapeLeft UIInterfaceOrientationLandscapeRight UIInterfaceOrientationPortrait UIInterfaceOrientationPortraitUpsideDown";
				LD_RUNPATH_SEARCH_PATHS = (
					"$(inherited)",
					"@executable_path/Frameworks",
				);
				MARKETING_VERSION = 1.0;
				PRODUCT_BUNDLE_IDENTIFIER = com.oochelz.HexPuzzle;
				PRODUCT_NAME = "$(TARGET_NAME)";
				SWIFT_EMIT_LOC_STRINGS = YES;
				SWIFT_VERSION = 5.0;
				TARGETED_DEVICE_FAMILY = "1,2";
			};
			name = Debug;
		};
		5EB8A8FD2A5B70F4003734CD /* Release */ = {
			isa = XCBuildConfiguration;
			buildSettings = {
				ASSETCATALOG_COMPILER_APPICON_NAME = AppIcon;
				ASSETCATALOG_COMPILER_GLOBAL_ACCENT_COLOR_NAME = AccentColor;
				CODE_SIGN_STYLE = Automatic;
				CURRENT_PROJECT_VERSION = 1;
				DEVELOPMENT_ASSET_PATHS = "\"HexPuzzle/Preview Content\"";
				DEVELOPMENT_TEAM = GP3S7BL94M;
				ENABLE_PREVIEWS = YES;
				GENERATE_INFOPLIST_FILE = YES;
				INFOPLIST_KEY_CFBundleDisplayName = "Hex Puzzle";
				INFOPLIST_KEY_LSApplicationCategoryType = "public.app-category.puzzle-games";
				INFOPLIST_KEY_UIApplicationSceneManifest_Generation = YES;
				INFOPLIST_KEY_UIApplicationSupportsIndirectInputEvents = YES;
				INFOPLIST_KEY_UILaunchScreen_Generation = YES;
				INFOPLIST_KEY_UISupportedInterfaceOrientations = UIInterfaceOrientationPortrait;
				INFOPLIST_KEY_UISupportedInterfaceOrientations_iPad = "UIInterfaceOrientationLandscapeLeft UIInterfaceOrientationLandscapeRight UIInterfaceOrientationPortrait UIInterfaceOrientationPortraitUpsideDown";
				LD_RUNPATH_SEARCH_PATHS = (
					"$(inherited)",
					"@executable_path/Frameworks",
				);
				MARKETING_VERSION = 1.0;
				PRODUCT_BUNDLE_IDENTIFIER = com.oochelz.HexPuzzle;
				PRODUCT_NAME = "$(TARGET_NAME)";
				SWIFT_EMIT_LOC_STRINGS = YES;
				SWIFT_VERSION = 5.0;
				TARGETED_DEVICE_FAMILY = "1,2";
			};
			name = Release;
		};
/* End XCBuildConfiguration section */

/* Begin XCConfigurationList section */
		5EB8A8E82A5B70F3003734CD /* Build configuration list for PBXProject "HexPuzzle" */ = {
			isa = XCConfigurationList;
			buildConfigurations = (
				5EB8A8F92A5B70F4003734CD /* Debug */,
				5EB8A8FA2A5B70F4003734CD /* Release */,
			);
			defaultConfigurationIsVisible = 0;
			defaultConfigurationName = Release;
		};
		5EB8A8FB2A5B70F4003734CD /* Build configuration list for PBXNativeTarget "HexPuzzle" */ = {
			isa = XCConfigurationList;
			buildConfigurations = (
				5EB8A8FC2A5B70F4003734CD /* Debug */,
				5EB8A8FD2A5B70F4003734CD /* Release */,
			);
			defaultConfigurationIsVisible = 0;
			defaultConfigurationName = Release;
		};
/* End XCConfigurationList section */
	};
	rootObject = 5EB8A8E52A5B70F3003734CD /* Project object */;
}
